// !$*UTF8*$!
{
	archiveVersion = 1;
	classes = {
	};
	objectVersion = 77;
	objects = {

/* Begin PBXContainerItemProxy section */
		B49601592CBD656100F2A5DE /* PBXContainerItemProxy */ = {
			isa = PBXContainerItemProxy;
			containerPortal = B49601402CBD656000F2A5DE /* Project object */;
			proxyType = 1;
			remoteGlobalIDString = B49601472CBD656000F2A5DE;
			remoteInfo = "Recipe App";
		};
		B49601632CBD656100F2A5DE /* PBXContainerItemProxy */ = {
			isa = PBXContainerItemProxy;
			containerPortal = B49601402CBD656000F2A5DE /* Project object */;
			proxyType = 1;
			remoteGlobalIDString = B49601472CBD656000F2A5DE;
			remoteInfo = "Recipe App";
		};
/* End PBXContainerItemProxy section */

/* Begin PBXFileReference section */
		B49601482CBD656000F2A5DE /* Upstox App.app */ = {isa = PBXFileReference; explicitFileType = wrapper.application; includeInIndex = 0; path = "Upstox App.app"; sourceTree = BUILT_PRODUCTS_DIR; };
		B49601582CBD656100F2A5DE /* Upstox AppTests.xctest */ = {isa = PBXFileReference; explicitFileType = wrapper.cfbundle; includeInIndex = 0; path = "Upstox AppTests.xctest"; sourceTree = BUILT_PRODUCTS_DIR; };
		B49601622CBD656100F2A5DE /* Upstox AppUITests.xctest */ = {isa = PBXFileReference; explicitFileType = wrapper.cfbundle; includeInIndex = 0; path = "Upstox AppUITests.xctest"; sourceTree = BUILT_PRODUCTS_DIR; };
/* End PBXFileReference section */

/* Begin PBXFileSystemSynchronizedBuildFileExceptionSet section */
		B4D900AE2CF220870001B888 /* Exceptions for "Upstox App" folder in "Upstox App" target */ = {
			isa = PBXFileSystemSynchronizedBuildFileExceptionSet;
			membershipExceptions = (
				DEVConfig.xcconfig,
			);
			target = B49601472CBD656000F2A5DE /* Upstox App */;
		};
/* End PBXFileSystemSynchronizedBuildFileExceptionSet section */

/* Begin PBXFileSystemSynchronizedRootGroup section */
		B496014A2CBD656000F2A5DE /* Upstox App */ = {
			isa = PBXFileSystemSynchronizedRootGroup;
			exceptions = (
				B4D900AE2CF220870001B888 /* Exceptions for "Upstox App" folder in "Upstox App" target */,
			);
			path = "Upstox App";
			sourceTree = "<group>";
		};
		B496015B2CBD656100F2A5DE /* Upstox AppTests */ = {
			isa = PBXFileSystemSynchronizedRootGroup;
			path = "Upstox AppTests";
			sourceTree = "<group>";
		};
/* End PBXFileSystemSynchronizedRootGroup section */

/* Begin PBXFrameworksBuildPhase section */
		B49601452CBD656000F2A5DE /* Frameworks */ = {
			isa = PBXFrameworksBuildPhase;
			buildActionMask = 2147483647;
			files = (
			);
			runOnlyForDeploymentPostprocessing = 0;
		};
		B49601552CBD656100F2A5DE /* Frameworks */ = {
			isa = PBXFrameworksBuildPhase;
			buildActionMask = 2147483647;
			files = (
			);
			runOnlyForDeploymentPostprocessing = 0;
		};
		B496015F2CBD656100F2A5DE /* Frameworks */ = {
			isa = PBXFrameworksBuildPhase;
			buildActionMask = 2147483647;
			files = (
			);
			runOnlyForDeploymentPostprocessing = 0;
		};
/* End PBXFrameworksBuildPhase section */

/* Begin PBXGroup section */
		B496013F2CBD656000F2A5DE = {
			isa = PBXGroup;
			children = (
				B496014A2CBD656000F2A5DE /* Upstox App */,
				B496015B2CBD656100F2A5DE /* Upstox AppTests */,
				B49601492CBD656000F2A5DE /* Products */,
			);
			sourceTree = "<group>";
		};
		B49601492CBD656000F2A5DE /* Products */ = {
			isa = PBXGroup;
			children = (
				B49601482CBD656000F2A5DE /* Upstox App.app */,
				B49601582CBD656100F2A5DE /* Upstox AppTests.xctest */,
				B49601622CBD656100F2A5DE /* Upstox AppUITests.xctest */,
			);
			name = Products;
			sourceTree = "<group>";
		};
/* End PBXGroup section */

/* Begin PBXNativeTarget section */
		B49601472CBD656000F2A5DE /* Upstox App */ = {
			isa = PBXNativeTarget;
			buildConfigurationList = B496016C2CBD656100F2A5DE /* Build configuration list for PBXNativeTarget "Upstox App" */;
			buildPhases = (
				B49601442CBD656000F2A5DE /* Sources */,
				B49601452CBD656000F2A5DE /* Frameworks */,
				B49601462CBD656000F2A5DE /* Resources */,
			);
			buildRules = (
			);
			dependencies = (
			);
			fileSystemSynchronizedGroups = (
				B496014A2CBD656000F2A5DE /* Upstox App */,
			);
			name = "Upstox App";
			packageProductDependencies = (
			);
			productName = "Recipe App";
			productReference = B49601482CBD656000F2A5DE /* Upstox App.app */;
			productType = "com.apple.product-type.application";
		};
		B49601572CBD656100F2A5DE /* Upstox AppTests */ = {
			isa = PBXNativeTarget;
			buildConfigurationList = B496016F2CBD656100F2A5DE /* Build configuration list for PBXNativeTarget "Upstox AppTests" */;
			buildPhases = (
				B49601542CBD656100F2A5DE /* Sources */,
				B49601552CBD656100F2A5DE /* Frameworks */,
				B49601562CBD656100F2A5DE /* Resources */,
			);
			buildRules = (
			);
			dependencies = (
				B496015A2CBD656100F2A5DE /* PBXTargetDependency */,
			);
			fileSystemSynchronizedGroups = (
				B496015B2CBD656100F2A5DE /* Upstox AppTests */,
			);
			name = "Upstox AppTests";
			packageProductDependencies = (
			);
			productName = "Recipe AppTests";
			productReference = B49601582CBD656100F2A5DE /* Upstox AppTests.xctest */;
			productType = "com.apple.product-type.bundle.unit-test";
		};
		B49601612CBD656100F2A5DE /* Upstox AppUITests */ = {
			isa = PBXNativeTarget;
			buildConfigurationList = B49601722CBD656100F2A5DE /* Build configuration list for PBXNativeTarget "Upstox AppUITests" */;
			buildPhases = (
				B496015E2CBD656100F2A5DE /* Sources */,
				B496015F2CBD656100F2A5DE /* Frameworks */,
				B49601602CBD656100F2A5DE /* Resources */,
			);
			buildRules = (
			);
			dependencies = (
				B49601642CBD656100F2A5DE /* PBXTargetDependency */,
			);
			name = "Upstox AppUITests";
			packageProductDependencies = (
			);
			productName = "Recipe AppUITests";
			productReference = B49601622CBD656100F2A5DE /* Upstox AppUITests.xctest */;
			productType = "com.apple.product-type.bundle.ui-testing";
		};
/* End PBXNativeTarget section */

/* Begin PBXProject section */
		B49601402CBD656000F2A5DE /* Project object */ = {
			isa = PBXProject;
			attributes = {
				BuildIndependentTargetsInParallel = 1;
				LastSwiftUpdateCheck = 1600;
				LastUpgradeCheck = 1610;
				TargetAttributes = {
					B49601472CBD656000F2A5DE = {
						CreatedOnToolsVersion = 16.0;
					};
					B49601572CBD656100F2A5DE = {
						CreatedOnToolsVersion = 16.0;
						TestTargetID = B49601472CBD656000F2A5DE;
					};
					B49601612CBD656100F2A5DE = {
						CreatedOnToolsVersion = 16.0;
						TestTargetID = B49601472CBD656000F2A5DE;
					};
				};
			};
			buildConfigurationList = B49601432CBD656000F2A5DE /* Build configuration list for PBXProject "Upstox App" */;
			developmentRegion = en;
			hasScannedForEncodings = 0;
			knownRegions = (
				en,
				Base,
			);
			mainGroup = B496013F2CBD656000F2A5DE;
			minimizedProjectReferenceProxies = 1;
			preferredProjectObjectVersion = 77;
			productRefGroup = B49601492CBD656000F2A5DE /* Products */;
			projectDirPath = "";
			projectRoot = "";
			targets = (
				B49601472CBD656000F2A5DE /* Upstox App */,
				B49601572CBD656100F2A5DE /* Upstox AppTests */,
				B49601612CBD656100F2A5DE /* Upstox AppUITests */,
			);
		};
/* End PBXProject section */

/* Begin PBXResourcesBuildPhase section */
		B49601462CBD656000F2A5DE /* Resources */ = {
			isa = PBXResourcesBuildPhase;
			buildActionMask = 2147483647;
			files = (
			);
			runOnlyForDeploymentPostprocessing = 0;
		};
		B49601562CBD656100F2A5DE /* Resources */ = {
			isa = PBXResourcesBuildPhase;
			buildActionMask = 2147483647;
			files = (
			);
			runOnlyForDeploymentPostprocessing = 0;
		};
		B49601602CBD656100F2A5DE /* Resources */ = {
			isa = PBXResourcesBuildPhase;
			buildActionMask = 2147483647;
			files = (
			);
			runOnlyForDeploymentPostprocessing = 0;
		};
/* End PBXResourcesBuildPhase section */

/* Begin PBXSourcesBuildPhase section */
		B49601442CBD656000F2A5DE /* Sources */ = {
			isa = PBXSourcesBuildPhase;
			buildActionMask = 2147483647;
			files = (
			);
			runOnlyForDeploymentPostprocessing = 0;
		};
		B49601542CBD656100F2A5DE /* Sources */ = {
			isa = PBXSourcesBuildPhase;
			buildActionMask = 2147483647;
			files = (
			);
			runOnlyForDeploymentPostprocessing = 0;
		};
		B496015E2CBD656100F2A5DE /* Sources */ = {
			isa = PBXSourcesBuildPhase;
			buildActionMask = 2147483647;
			files = (
			);
			runOnlyForDeploymentPostprocessing = 0;
		};
/* End PBXSourcesBuildPhase section */

/* Begin PBXTargetDependency section */
		B496015A2CBD656100F2A5DE /* PBXTargetDependency */ = {
			isa = PBXTargetDependency;
			target = B49601472CBD656000F2A5DE /* Upstox App */;
			targetProxy = B49601592CBD656100F2A5DE /* PBXContainerItemProxy */;
		};
		B49601642CBD656100F2A5DE /* PBXTargetDependency */ = {
			isa = PBXTargetDependency;
			target = B49601472CBD656000F2A5DE /* Upstox App */;
			targetProxy = B49601632CBD656100F2A5DE /* PBXContainerItemProxy */;
		};
/* End PBXTargetDependency section */

/* Begin XCBuildConfiguration section */
		B496016A2CBD656100F2A5DE /* Debug */ = {
			isa = XCBuildConfiguration;
			baseConfigurationReferenceAnchor = B496014A2CBD656000F2A5DE /* Upstox App */;
			baseConfigurationReferenceRelativePath = DEVConfig.xcconfig;
			buildSettings = {
				ALWAYS_SEARCH_USER_PATHS = NO;
				ASSETCATALOG_COMPILER_GENERATE_SWIFT_ASSET_SYMBOL_EXTENSIONS = YES;
				CLANG_ANALYZER_NONNULL = YES;
				CLANG_ANALYZER_NUMBER_OBJECT_CONVERSION = YES_AGGRESSIVE;
				CLANG_CXX_LANGUAGE_STANDARD = "gnu++20";
				CLANG_ENABLE_MODULES = YES;
				CLANG_ENABLE_OBJC_ARC = YES;
				CLANG_ENABLE_OBJC_WEAK = YES;
				CLANG_WARN_BLOCK_CAPTURE_AUTORELEASING = YES;
				CLANG_WARN_BOOL_CONVERSION = YES;
				CLANG_WARN_COMMA = YES;
				CLANG_WARN_CONSTANT_CONVERSION = YES;
				CLANG_WARN_DEPRECATED_OBJC_IMPLEMENTATIONS = YES;
				CLANG_WARN_DIRECT_OBJC_ISA_USAGE = YES_ERROR;
				CLANG_WARN_DOCUMENTATION_COMMENTS = YES;
				CLANG_WARN_EMPTY_BODY = YES;
				CLANG_WARN_ENUM_CONVERSION = YES;
				CLANG_WARN_INFINITE_RECURSION = YES;
				CLANG_WARN_INT_CONVERSION = YES;
				CLANG_WARN_NON_LITERAL_NULL_CONVERSION = YES;
				CLANG_WARN_OBJC_IMPLICIT_RETAIN_SELF = YES;
				CLANG_WARN_OBJC_LITERAL_CONVERSION = YES;
				CLANG_WARN_OBJC_ROOT_CLASS = YES_ERROR;
				CLANG_WARN_QUOTED_INCLUDE_IN_FRAMEWORK_HEADER = YES;
				CLANG_WARN_RANGE_LOOP_ANALYSIS = YES;
				CLANG_WARN_STRICT_PROTOTYPES = YES;
				CLANG_WARN_SUSPICIOUS_MOVE = YES;
				CLANG_WARN_UNGUARDED_AVAILABILITY = YES_AGGRESSIVE;
				CLANG_WARN_UNREACHABLE_CODE = YES;
				CLANG_WARN__DUPLICATE_METHOD_MATCH = YES;
				COPY_PHASE_STRIP = NO;
				DEBUG_INFORMATION_FORMAT = dwarf;
				ENABLE_STRICT_OBJC_MSGSEND = YES;
				ENABLE_TESTABILITY = YES;
				ENABLE_USER_SCRIPT_SANDBOXING = YES;
				GCC_C_LANGUAGE_STANDARD = gnu17;
				GCC_DYNAMIC_NO_PIC = NO;
				GCC_NO_COMMON_BLOCKS = YES;
				GCC_OPTIMIZATION_LEVEL = 0;
				GCC_PREPROCESSOR_DEFINITIONS = (
					"DEBUG=1",
					"$(inherited)",
				);
				GCC_WARN_64_TO_32_BIT_CONVERSION = YES;
				GCC_WARN_ABOUT_RETURN_TYPE = YES_ERROR;
				GCC_WARN_UNDECLARED_SELECTOR = YES;
				GCC_WARN_UNINITIALIZED_AUTOS = YES_AGGRESSIVE;
				GCC_WARN_UNUSED_FUNCTION = YES;
				GCC_WARN_UNUSED_VARIABLE = YES;
				IPHONEOS_DEPLOYMENT_TARGET = 18.0;
				LOCALIZATION_PREFERS_STRING_CATALOGS = YES;
				MTL_ENABLE_DEBUG_INFO = INCLUDE_SOURCE;
				MTL_FAST_MATH = YES;
				ONLY_ACTIVE_ARCH = YES;
				SDKROOT = iphoneos;
				SWIFT_ACTIVE_COMPILATION_CONDITIONS = "DEBUG $(inherited)";
				SWIFT_OPTIMIZATION_LEVEL = "-Onone";
			};
			name = Debug;
		};
		B496016B2CBD656100F2A5DE /* Release */ = {
			isa = XCBuildConfiguration;
			buildSettings = {
				ALWAYS_SEARCH_USER_PATHS = NO;
				ASSETCATALOG_COMPILER_GENERATE_SWIFT_ASSET_SYMBOL_EXTENSIONS = YES;
				CLANG_ANALYZER_NONNULL = YES;
				CLANG_ANALYZER_NUMBER_OBJECT_CONVERSION = YES_AGGRESSIVE;
				CLANG_CXX_LANGUAGE_STANDARD = "gnu++20";
				CLANG_ENABLE_MODULES = YES;
				CLANG_ENABLE_OBJC_ARC = YES;
				CLANG_ENABLE_OBJC_WEAK = YES;
				CLANG_WARN_BLOCK_CAPTURE_AUTORELEASING = YES;
				CLANG_WARN_BOOL_CONVERSION = YES;
				CLANG_WARN_COMMA = YES;
				CLANG_WARN_CONSTANT_CONVERSION = YES;
				CLANG_WARN_DEPRECATED_OBJC_IMPLEMENTATIONS = YES;
				CLANG_WARN_DIRECT_OBJC_ISA_USAGE = YES_ERROR;
				CLANG_WARN_DOCUMENTATION_COMMENTS = YES;
				CLANG_WARN_EMPTY_BODY = YES;
				CLANG_WARN_ENUM_CONVERSION = YES;
				CLANG_WARN_INFINITE_RECURSION = YES;
				CLANG_WARN_INT_CONVERSION = YES;
				CLANG_WARN_NON_LITERAL_NULL_CONVERSION = YES;
				CLANG_WARN_OBJC_IMPLICIT_RETAIN_SELF = YES;
				CLANG_WARN_OBJC_LITERAL_CONVERSION = YES;
				CLANG_WARN_OBJC_ROOT_CLASS = YES_ERROR;
				CLANG_WARN_QUOTED_INCLUDE_IN_FRAMEWORK_HEADER = YES;
				CLANG_WARN_RANGE_LOOP_ANALYSIS = YES;
				CLANG_WARN_STRICT_PROTOTYPES = YES;
				CLANG_WARN_SUSPICIOUS_MOVE = YES;
				CLANG_WARN_UNGUARDED_AVAILABILITY = YES_AGGRESSIVE;
				CLANG_WARN_UNREACHABLE_CODE = YES;
				CLANG_WARN__DUPLICATE_METHOD_MATCH = YES;
				COPY_PHASE_STRIP = NO;
				DEBUG_INFORMATION_FORMAT = "dwarf-with-dsym";
				ENABLE_NS_ASSERTIONS = NO;
				ENABLE_STRICT_OBJC_MSGSEND = YES;
				ENABLE_USER_SCRIPT_SANDBOXING = YES;
				GCC_C_LANGUAGE_STANDARD = gnu17;
				GCC_NO_COMMON_BLOCKS = YES;
				GCC_WARN_64_TO_32_BIT_CONVERSION = YES;
				GCC_WARN_ABOUT_RETURN_TYPE = YES_ERROR;
				GCC_WARN_UNDECLARED_SELECTOR = YES;
				GCC_WARN_UNINITIALIZED_AUTOS = YES_AGGRESSIVE;
				GCC_WARN_UNUSED_FUNCTION = YES;
				GCC_WARN_UNUSED_VARIABLE = YES;
				IPHONEOS_DEPLOYMENT_TARGET = 18.0;
				LOCALIZATION_PREFERS_STRING_CATALOGS = YES;
				MTL_ENABLE_DEBUG_INFO = NO;
				MTL_FAST_MATH = YES;
				SDKROOT = iphoneos;
				SWIFT_COMPILATION_MODE = wholemodule;
				VALIDATE_PRODUCT = YES;
			};
			name = Release;
		};
		B496016D2CBD656100F2A5DE /* Debug */ = {
			isa = XCBuildConfiguration;
			baseConfigurationReferenceAnchor = B496014A2CBD656000F2A5DE /* Upstox App */;
			baseConfigurationReferenceRelativePath = DEVConfig.xcconfig;
			buildSettings = {
				ASSETCATALOG_COMPILER_APPICON_NAME = AppIcon;
				ASSETCATALOG_COMPILER_GLOBAL_ACCENT_COLOR_NAME = AccentColor;
				CODE_SIGN_STYLE = Automatic;
				CURRENT_PROJECT_VERSION = 1;
				DEVELOPMENT_TEAM = CTWPQLN7A3;
				ENABLE_PREVIEWS = YES;
				GENERATE_INFOPLIST_FILE = YES;
				INFOPLIST_FILE = "Recipe-App-Info.plist";
				INFOPLIST_KEY_CFBundleDisplayName = Upstox;
				INFOPLIST_KEY_UIApplicationSceneManifest_Generation = YES;
				INFOPLIST_KEY_UIApplicationSupportsIndirectInputEvents = YES;
				INFOPLIST_KEY_UILaunchScreen_Generation = YES;
				INFOPLIST_KEY_UISupportedInterfaceOrientations = UIInterfaceOrientationPortrait;
				INFOPLIST_KEY_UISupportedInterfaceOrientations_iPad = "UIInterfaceOrientationLandscapeLeft UIInterfaceOrientationLandscapeRight UIInterfaceOrientationPortrait UIInterfaceOrientationPortraitUpsideDown";
				LD_RUNPATH_SEARCH_PATHS = (
					"$(inherited)",
					"@executable_path/Frameworks",
				);
				MARKETING_VERSION = 1.0;
				PRODUCT_BUNDLE_IDENTIFIER = "learning.Recipe-App";
				PRODUCT_NAME = "$(TARGET_NAME)";
				SUPPORTED_PLATFORMS = "iphoneos iphonesimulator";
				SUPPORTS_MACCATALYST = NO;
				SUPPORTS_MAC_DESIGNED_FOR_IPHONE_IPAD = NO;
				SUPPORTS_XR_DESIGNED_FOR_IPHONE_IPAD = NO;
				SWIFT_EMIT_LOC_STRINGS = YES;
				SWIFT_VERSION = 5.0;
				TARGETED_DEVICE_FAMILY = 1;
			};
			name = Debug;
		};
		B496016E2CBD656100F2A5DE /* Release */ = {
			isa = XCBuildConfiguration;
			buildSettings = {
				ASSETCATALOG_COMPILER_APPICON_NAME = AppIcon;
				ASSETCATALOG_COMPILER_GLOBAL_ACCENT_COLOR_NAME = AccentColor;
				CODE_SIGN_STYLE = Automatic;
				CURRENT_PROJECT_VERSION = 1;
				DEVELOPMENT_TEAM = CTWPQLN7A3;
				ENABLE_PREVIEWS = YES;
				GENERATE_INFOPLIST_FILE = YES;
				INFOPLIST_FILE = "Recipe-App-Info.plist";
				INFOPLIST_KEY_CFBundleDisplayName = Upstox;
				INFOPLIST_KEY_UIApplicationSceneManifest_Generation = YES;
				INFOPLIST_KEY_UIApplicationSupportsIndirectInputEvents = YES;
				INFOPLIST_KEY_UILaunchScreen_Generation = YES;
				INFOPLIST_KEY_UISupportedInterfaceOrientations = UIInterfaceOrientationPortrait;
				INFOPLIST_KEY_UISupportedInterfaceOrientations_iPad = "UIInterfaceOrientationLandscapeLeft UIInterfaceOrientationLandscapeRight UIInterfaceOrientationPortrait UIInterfaceOrientationPortraitUpsideDown";
				LD_RUNPATH_SEARCH_PATHS = (
					"$(inherited)",
					"@executable_path/Frameworks",
				);
				MARKETING_VERSION = 1.0;
				PRODUCT_BUNDLE_IDENTIFIER = "learning.Recipe-App";
				PRODUCT_NAME = "$(TARGET_NAME)";
				SUPPORTED_PLATFORMS = "iphoneos iphonesimulator";
				SUPPORTS_MACCATALYST = NO;
				SUPPORTS_MAC_DESIGNED_FOR_IPHONE_IPAD = NO;
				SUPPORTS_XR_DESIGNED_FOR_IPHONE_IPAD = NO;
				SWIFT_EMIT_LOC_STRINGS = YES;
				SWIFT_VERSION = 5.0;
				TARGETED_DEVICE_FAMILY = 1;
			};
			name = Release;
		};
		B49601702CBD656100F2A5DE /* Debug */ = {
			isa = XCBuildConfiguration;
			baseConfigurationReferenceAnchor = B496014A2CBD656000F2A5DE /* Upstox App */;
			baseConfigurationReferenceRelativePath = DEVConfig.xcconfig;
			buildSettings = {
				BUNDLE_LOADER = "$(TEST_HOST)";
				CODE_SIGN_STYLE = Automatic;
				CURRENT_PROJECT_VERSION = 1;
				DEVELOPMENT_TEAM = CTWPQLN7A3;
				GENERATE_INFOPLIST_FILE = YES;
				IPHONEOS_DEPLOYMENT_TARGET = 18.0;
				MARKETING_VERSION = 1.0;
				PRODUCT_BUNDLE_IDENTIFIER = "learning.Recipe-AppTests";
				PRODUCT_NAME = "$(TARGET_NAME)";
				SWIFT_EMIT_LOC_STRINGS = NO;
				SWIFT_VERSION = 5.0;
				TARGETED_DEVICE_FAMILY = "1,2";
				TEST_HOST = "$(BUILT_PRODUCTS_DIR)/Upstox App.app/$(BUNDLE_EXECUTABLE_FOLDER_PATH)/Upstox App";
			};
			name = Debug;
		};
		B49601712CBD656100F2A5DE /* Release */ = {
			isa = XCBuildConfiguration;
			buildSettings = {
				BUNDLE_LOADER = "$(TEST_HOST)";
				CODE_SIGN_STYLE = Automatic;
				CURRENT_PROJECT_VERSION = 1;
				DEVELOPMENT_TEAM = CTWPQLN7A3;
				GENERATE_INFOPLIST_FILE = YES;
				IPHONEOS_DEPLOYMENT_TARGET = 18.0;
				MARKETING_VERSION = 1.0;
				PRODUCT_BUNDLE_IDENTIFIER = "learning.Recipe-AppTests";
				PRODUCT_NAME = "$(TARGET_NAME)";
				SWIFT_EMIT_LOC_STRINGS = NO;
				SWIFT_VERSION = 5.0;
				TARGETED_DEVICE_FAMILY = "1,2";
				TEST_HOST = "$(BUILT_PRODUCTS_DIR)/Upstox App.app/$(BUNDLE_EXECUTABLE_FOLDER_PATH)/Upstox App";
			};
			name = Release;
		};
		B49601732CBD656100F2A5DE /* Debug */ = {
			isa = XCBuildConfiguration;
			baseConfigurationReferenceAnchor = B496014A2CBD656000F2A5DE /* Upstox App */;
			baseConfigurationReferenceRelativePath = DEVConfig.xcconfig;
			buildSettings = {
				CODE_SIGN_STYLE = Automatic;
				CURRENT_PROJECT_VERSION = 1;
				DEVELOPMENT_TEAM = CTWPQLN7A3;
				GENERATE_INFOPLIST_FILE = YES;
				MARKETING_VERSION = 1.0;
				PRODUCT_BUNDLE_IDENTIFIER = "learning.Recipe-AppUITests";
				PRODUCT_NAME = "$(TARGET_NAME)";
				SWIFT_EMIT_LOC_STRINGS = NO;
				SWIFT_VERSION = 5.0;
				TARGETED_DEVICE_FAMILY = "1,2";
				TEST_TARGET_NAME = "Recipe App";
			};
			name = Debug;
		};
		B49601742CBD656100F2A5DE /* Release */ = {
			isa = XCBuildConfiguration;
			buildSettings = {
				CODE_SIGN_STYLE = Automatic;
				CURRENT_PROJECT_VERSION = 1;
				DEVELOPMENT_TEAM = CTWPQLN7A3;
				GENERATE_INFOPLIST_FILE = YES;
				MARKETING_VERSION = 1.0;
				PRODUCT_BUNDLE_IDENTIFIER = "learning.Recipe-AppUITests";
				PRODUCT_NAME = "$(TARGET_NAME)";
				SWIFT_EMIT_LOC_STRINGS = NO;
				SWIFT_VERSION = 5.0;
				TARGETED_DEVICE_FAMILY = "1,2";
				TEST_TARGET_NAME = "Recipe App";
			};
			name = Release;
		};
/* End XCBuildConfiguration section */

/* Begin XCConfigurationList section */
		B49601432CBD656000F2A5DE /* Build configuration list for PBXProject "Upstox App" */ = {
			isa = XCConfigurationList;
			buildConfigurations = (
				B496016A2CBD656100F2A5DE /* Debug */,
				B496016B2CBD656100F2A5DE /* Release */,
			);
			defaultConfigurationIsVisible = 0;
			defaultConfigurationName = Release;
		};
		B496016C2CBD656100F2A5DE /* Build configuration list for PBXNativeTarget "Upstox App" */ = {
			isa = XCConfigurationList;
			buildConfigurations = (
				B496016D2CBD656100F2A5DE /* Debug */,
				B496016E2CBD656100F2A5DE /* Release */,
			);
			defaultConfigurationIsVisible = 0;
			defaultConfigurationName = Release;
		};
		B496016F2CBD656100F2A5DE /* Build configuration list for PBXNativeTarget "Upstox AppTests" */ = {
			isa = XCConfigurationList;
			buildConfigurations = (
				B49601702CBD656100F2A5DE /* Debug */,
				B49601712CBD656100F2A5DE /* Release */,
			);
			defaultConfigurationIsVisible = 0;
			defaultConfigurationName = Release;
		};
		B49601722CBD656100F2A5DE /* Build configuration list for PBXNativeTarget "Upstox AppUITests" */ = {
			isa = XCConfigurationList;
			buildConfigurations = (
				B49601732CBD656100F2A5DE /* Debug */,
				B49601742CBD656100F2A5DE /* Release */,
			);
			defaultConfigurationIsVisible = 0;
			defaultConfigurationName = Release;
		};
/* End XCConfigurationList section */
	};
	rootObject = B49601402CBD656000F2A5DE /* Project object */;
}
